
Microsoft Visual Studio Solution File, Format Version 12.00
# Visual Studio Version 17
VisualStudioVersion = 17.5.33516.290
MinimumVisualStudioVersion = 10.0.40219.1
Project("{FAE04EC0-301F-11D3-BF4B-00C04F79EFBC}") = "Lab02", "Lab02\Lab02.csproj", "{01790323-67EE-45F8-BBB6-FEF236FED3DD}"
EndProject
Global
	GlobalSection(SolutionConfigurationPlatforms) = preSolution
		Debug|Any CPU = Debug|Any CPU
		Release|Any CPU = Release|Any CPU
	EndGlobalSection
	GlobalSection(ProjectConfigurationPlatforms) = postSolution
		{01790323-67EE-45F8-BBB6-FEF236FED3DD}.Debug|Any CPU.ActiveCfg = Debug|Any CPU
		{01790323-67EE-45F8-BBB6-FEF236FED3DD}.Debug|Any CPU.Build.0 = Debug|Any CPU
		{01790323-67EE-45F8-BBB6-FEF236FED3DD}.Release|Any CPU.ActiveCfg = Release|Any CPU
		{01790323-67EE-45F8-BBB6-FEF236FED3DD}.Release|Any CPU.Build.0 = Release|Any CPU
	EndGlobalSection
	GlobalSection(SolutionProperties) = preSolution
		HideSolutionNode = FALSE
	EndGlobalSection
	GlobalSection(ExtensibilityGlobals) = postSolution
		SolutionGuid = {6AD4A084-5B9E-4167-B28F-23306A14B224}
	EndGlobalSection
EndGlobal
