
Microsoft Visual Studio Solution File, Format Version 12.00
# Visual Studio Version 17
VisualStudioVersion = 17.5.33516.290
MinimumVisualStudioVersion = 10.0.40219.1
Project("{FAE04EC0-301F-11D3-BF4B-00C04F79EFBC}") = "WebApiAcademia", "WebApiAcademia\WebApiAcademia.csproj", "{24BC873A-0CEE-4AEE-AC8D-7DCC753A5DD3}"
EndProject
Project("{FAE04EC0-301F-11D3-BF4B-00C04F79EFBC}") = "WinFormsAcademia", "WinFormsAcademia\WinFormsAcademia.csproj", "{1C4702DA-6336-4DB2-A899-DA4F76968088}"
EndProject
Project("{FAE04EC0-301F-11D3-BF4B-00C04F79EFBC}") = "Entidades", "Entidades\Entidades.csproj", "{FE1D022E-9AD2-4A57-ADEA-57C7900E7AFA}"
EndProject
Global
	GlobalSection(SolutionConfigurationPlatforms) = preSolution
		Debug|Any CPU = Debug|Any CPU
		Release|Any CPU = Release|Any CPU
	EndGlobalSection
	GlobalSection(ProjectConfigurationPlatforms) = postSolution
		{24BC873A-0CEE-4AEE-AC8D-7DCC753A5DD3}.Debug|Any CPU.ActiveCfg = Debug|Any CPU
		{24BC873A-0CEE-4AEE-AC8D-7DCC753A5DD3}.Debug|Any CPU.Build.0 = Debug|Any CPU
		{24BC873A-0CEE-4AEE-AC8D-7DCC753A5DD3}.Release|Any CPU.ActiveCfg = Release|Any CPU
		{24BC873A-0CEE-4AEE-AC8D-7DCC753A5DD3}.Release|Any CPU.Build.0 = Release|Any CPU
		{1C4702DA-6336-4DB2-A899-DA4F76968088}.Debug|Any CPU.ActiveCfg = Debug|Any CPU
		{1C4702DA-6336-4DB2-A899-DA4F76968088}.Debug|Any CPU.Build.0 = Debug|Any CPU
		{1C4702DA-6336-4DB2-A899-DA4F76968088}.Release|Any CPU.ActiveCfg = Release|Any CPU
		{1C4702DA-6336-4DB2-A899-DA4F76968088}.Release|Any CPU.Build.0 = Release|Any CPU
		{FE1D022E-9AD2-4A57-ADEA-57C7900E7AFA}.Debug|Any CPU.ActiveCfg = Debug|Any CPU
		{FE1D022E-9AD2-4A57-ADEA-57C7900E7AFA}.Debug|Any CPU.Build.0 = Debug|Any CPU
		{FE1D022E-9AD2-4A57-ADEA-57C7900E7AFA}.Release|Any CPU.ActiveCfg = Release|Any CPU
		{FE1D022E-9AD2-4A57-ADEA-57C7900E7AFA}.Release|Any CPU.Build.0 = Release|Any CPU
	EndGlobalSection
	GlobalSection(SolutionProperties) = preSolution
		HideSolutionNode = FALSE
	EndGlobalSection
	GlobalSection(ExtensibilityGlobals) = postSolution
		SolutionGuid = {1ECCA742-C4ED-463E-9C3E-285EAB017404}
	EndGlobalSection
EndGlobal
