
Microsoft Visual Studio Solution File, Format Version 12.00
# Visual Studio Version 17
VisualStudioVersion = 17.5.33516.290
MinimumVisualStudioVersion = 10.0.40219.1
Project("{FAE04EC0-301F-11D3-BF4B-00C04F79EFBC}") = "EntFramExample", "EntFramExample\EntFramExample.csproj", "{DAA41FD6-6277-4F72-863A-32E255D16DD5}"
EndProject
Global
	GlobalSection(SolutionConfigurationPlatforms) = preSolution
		Debug|Any CPU = Debug|Any CPU
		Release|Any CPU = Release|Any CPU
	EndGlobalSection
	GlobalSection(ProjectConfigurationPlatforms) = postSolution
		{DAA41FD6-6277-4F72-863A-32E255D16DD5}.Debug|Any CPU.ActiveCfg = Debug|Any CPU
		{DAA41FD6-6277-4F72-863A-32E255D16DD5}.Debug|Any CPU.Build.0 = Debug|Any CPU
		{DAA41FD6-6277-4F72-863A-32E255D16DD5}.Release|Any CPU.ActiveCfg = Release|Any CPU
		{DAA41FD6-6277-4F72-863A-32E255D16DD5}.Release|Any CPU.Build.0 = Release|Any CPU
	EndGlobalSection
	GlobalSection(SolutionProperties) = preSolution
		HideSolutionNode = FALSE
	EndGlobalSection
	GlobalSection(ExtensibilityGlobals) = postSolution
		SolutionGuid = {B52F1BE0-78F1-44ED-9D97-0EA0B23A5A8F}
	EndGlobalSection
EndGlobal
