
Microsoft Visual Studio Solution File, Format Version 12.00
# Visual Studio Version 17
VisualStudioVersion = 17.5.33516.290
MinimumVisualStudioVersion = 10.0.40219.1
Project("{FAE04EC0-301F-11D3-BF4B-00C04F79EFBC}") = "Util", "Util\Util.csproj", "{C5B9DEB9-F778-4404-B6AA-4DCE5C7BC52C}"
EndProject
Project("{FAE04EC0-301F-11D3-BF4B-00C04F79EFBC}") = "Windows", "Windows\Windows.csproj", "{309FC560-D812-4C8A-A7BA-5ACEB5095B0D}"
EndProject
Project("{FAE04EC0-301F-11D3-BF4B-00C04F79EFBC}") = "Console", "Console\Console.csproj", "{B02A925B-3A0B-40E1-B475-6AE5460BC046}"
EndProject
Project("{FAE04EC0-301F-11D3-BF4B-00C04F79EFBC}") = "Web", "Web\Web.csproj", "{CBE585C1-7334-494D-9F98-76AEEBBDC579}"
EndProject
Global
	GlobalSection(SolutionConfigurationPlatforms) = preSolution
		Debug|Any CPU = Debug|Any CPU
		Release|Any CPU = Release|Any CPU
	EndGlobalSection
	GlobalSection(ProjectConfigurationPlatforms) = postSolution
		{C5B9DEB9-F778-4404-B6AA-4DCE5C7BC52C}.Debug|Any CPU.ActiveCfg = Debug|Any CPU
		{C5B9DEB9-F778-4404-B6AA-4DCE5C7BC52C}.Debug|Any CPU.Build.0 = Debug|Any CPU
		{C5B9DEB9-F778-4404-B6AA-4DCE5C7BC52C}.Release|Any CPU.ActiveCfg = Release|Any CPU
		{C5B9DEB9-F778-4404-B6AA-4DCE5C7BC52C}.Release|Any CPU.Build.0 = Release|Any CPU
		{309FC560-D812-4C8A-A7BA-5ACEB5095B0D}.Debug|Any CPU.ActiveCfg = Debug|Any CPU
		{309FC560-D812-4C8A-A7BA-5ACEB5095B0D}.Debug|Any CPU.Build.0 = Debug|Any CPU
		{309FC560-D812-4C8A-A7BA-5ACEB5095B0D}.Release|Any CPU.ActiveCfg = Release|Any CPU
		{309FC560-D812-4C8A-A7BA-5ACEB5095B0D}.Release|Any CPU.Build.0 = Release|Any CPU
		{B02A925B-3A0B-40E1-B475-6AE5460BC046}.Debug|Any CPU.ActiveCfg = Debug|Any CPU
		{B02A925B-3A0B-40E1-B475-6AE5460BC046}.Debug|Any CPU.Build.0 = Debug|Any CPU
		{B02A925B-3A0B-40E1-B475-6AE5460BC046}.Release|Any CPU.ActiveCfg = Release|Any CPU
		{B02A925B-3A0B-40E1-B475-6AE5460BC046}.Release|Any CPU.Build.0 = Release|Any CPU
		{CBE585C1-7334-494D-9F98-76AEEBBDC579}.Debug|Any CPU.ActiveCfg = Debug|Any CPU
		{CBE585C1-7334-494D-9F98-76AEEBBDC579}.Debug|Any CPU.Build.0 = Debug|Any CPU
		{CBE585C1-7334-494D-9F98-76AEEBBDC579}.Release|Any CPU.ActiveCfg = Release|Any CPU
		{CBE585C1-7334-494D-9F98-76AEEBBDC579}.Release|Any CPU.Build.0 = Release|Any CPU
	EndGlobalSection
	GlobalSection(SolutionProperties) = preSolution
		HideSolutionNode = FALSE
	EndGlobalSection
	GlobalSection(ExtensibilityGlobals) = postSolution
		SolutionGuid = {D9172B54-51FD-4044-8E8A-DFDE50B6EF4C}
	EndGlobalSection
EndGlobal
