
Microsoft Visual Studio Solution File, Format Version 12.00
# Visual Studio Version 17
VisualStudioVersion = 17.5.33516.290
MinimumVisualStudioVersion = 10.0.40219.1
Project("{9A19103F-16F7-4668-BE54-9A1E7A4F7556}") = "WebApi", "WebApi\WebApi.csproj", "{D34703BA-4F3E-42EC-9481-3354464713E7}"
EndProject
Project("{9A19103F-16F7-4668-BE54-9A1E7A4F7556}") = "WinFormsABM", "WinFormsABM\WinFormsABM.csproj", "{CC666204-788C-4DB8-AC8E-A5172A88EC87}"
EndProject
Global
	GlobalSection(SolutionConfigurationPlatforms) = preSolution
		Debug|Any CPU = Debug|Any CPU
		Release|Any CPU = Release|Any CPU
	EndGlobalSection
	GlobalSection(ProjectConfigurationPlatforms) = postSolution
		{D34703BA-4F3E-42EC-9481-3354464713E7}.Debug|Any CPU.ActiveCfg = Debug|Any CPU
		{D34703BA-4F3E-42EC-9481-3354464713E7}.Debug|Any CPU.Build.0 = Debug|Any CPU
		{D34703BA-4F3E-42EC-9481-3354464713E7}.Release|Any CPU.ActiveCfg = Release|Any CPU
		{D34703BA-4F3E-42EC-9481-3354464713E7}.Release|Any CPU.Build.0 = Release|Any CPU
		{CC666204-788C-4DB8-AC8E-A5172A88EC87}.Debug|Any CPU.ActiveCfg = Debug|Any CPU
		{CC666204-788C-4DB8-AC8E-A5172A88EC87}.Debug|Any CPU.Build.0 = Debug|Any CPU
		{CC666204-788C-4DB8-AC8E-A5172A88EC87}.Release|Any CPU.ActiveCfg = Release|Any CPU
		{CC666204-788C-4DB8-AC8E-A5172A88EC87}.Release|Any CPU.Build.0 = Release|Any CPU
	EndGlobalSection
	GlobalSection(SolutionProperties) = preSolution
		HideSolutionNode = FALSE
	EndGlobalSection
	GlobalSection(ExtensibilityGlobals) = postSolution
		SolutionGuid = {99D02CCE-9C24-4138-B532-15C790B46BAC}
	EndGlobalSection
EndGlobal
