
Microsoft Visual Studio Solution File, Format Version 12.00
# Visual Studio Version 17
VisualStudioVersion = 17.5.33516.290
MinimumVisualStudioVersion = 10.0.40219.1
Project("{9A19103F-16F7-4668-BE54-9A1E7A4F7556}") = "WebApi", "aaa\WebApi.csproj", "{FA1FCAD6-E057-4558-AED8-CA0E0D4755E9}"
EndProject
Project("{9A19103F-16F7-4668-BE54-9A1E7A4F7556}") = "WinFormsABM", "WinFormsABM\WinFormsABM.csproj", "{2D9E57B0-4E03-4C47-9F40-C630962DA267}"
EndProject
Global
	GlobalSection(SolutionConfigurationPlatforms) = preSolution
		Debug|Any CPU = Debug|Any CPU
		Release|Any CPU = Release|Any CPU
	EndGlobalSection
	GlobalSection(ProjectConfigurationPlatforms) = postSolution
		{FA1FCAD6-E057-4558-AED8-CA0E0D4755E9}.Debug|Any CPU.ActiveCfg = Debug|Any CPU
		{FA1FCAD6-E057-4558-AED8-CA0E0D4755E9}.Debug|Any CPU.Build.0 = Debug|Any CPU
		{FA1FCAD6-E057-4558-AED8-CA0E0D4755E9}.Release|Any CPU.ActiveCfg = Release|Any CPU
		{FA1FCAD6-E057-4558-AED8-CA0E0D4755E9}.Release|Any CPU.Build.0 = Release|Any CPU
		{2D9E57B0-4E03-4C47-9F40-C630962DA267}.Debug|Any CPU.ActiveCfg = Debug|Any CPU
		{2D9E57B0-4E03-4C47-9F40-C630962DA267}.Debug|Any CPU.Build.0 = Debug|Any CPU
		{2D9E57B0-4E03-4C47-9F40-C630962DA267}.Release|Any CPU.ActiveCfg = Release|Any CPU
		{2D9E57B0-4E03-4C47-9F40-C630962DA267}.Release|Any CPU.Build.0 = Release|Any CPU
	EndGlobalSection
	GlobalSection(SolutionProperties) = preSolution
		HideSolutionNode = FALSE
	EndGlobalSection
	GlobalSection(ExtensibilityGlobals) = postSolution
		SolutionGuid = {1D2C0267-E0E0-442F-A9FC-0BB0E00A67E2}
	EndGlobalSection
EndGlobal
